
Microsoft Visual Studio Solution File, Format Version 12.00
# Visual Studio Version 17
VisualStudioVersion = 17.4.33403.182
MinimumVisualStudioVersion = 10.0.40219.1
Project("{9A19103F-16F7-4668-BE54-9A1E7A4F7556}") = "TheAddress.DAL", "TheAddress.DAL\TheAddress.DAL.csproj", "{B405FADE-7DA3-4624-B0E0-E74D91065374}"
EndProject
Project("{9A19103F-16F7-4668-BE54-9A1E7A4F7556}") = "TheAddress.BLL", "TheAddress.BLL\TheAddress.BLL.csproj", "{1E7B6C92-6C14-4D65-B722-1F49FD4ECA13}"
EndProject
Project("{9A19103F-16F7-4668-BE54-9A1E7A4F7556}") = "TheAddress.WebAPI", "TheAddress.WebAPI\TheAddress.WebAPI.csproj", "{1E12D369-36BF-4694-847D-6D21A047912E}"
EndProject
Project("{9A19103F-16F7-4668-BE54-9A1E7A4F7556}") = "TheAddress.WebAdmin", "TheAddress.WebAdmin\TheAddress.WebAdmin.csproj", "{AF29D2A5-152F-42CC-85DA-E501868241F2}"
EndProject
Project("{FAE04EC0-301F-11D3-BF4B-00C04F79EFBC}") = "TheAddress.UI", "TheAddress.UI\TheAddress.UI.csproj", "{1FAD2A40-AD72-4E76-B108-B0FEADB35904}"
EndProject
Global
	GlobalSection(SolutionConfigurationPlatforms) = preSolution
		Debug|Any CPU = Debug|Any CPU
		Release|Any CPU = Release|Any CPU
	EndGlobalSection
	GlobalSection(ProjectConfigurationPlatforms) = postSolution
		{B405FADE-7DA3-4624-B0E0-E74D91065374}.Debug|Any CPU.ActiveCfg = Debug|Any CPU
		{B405FADE-7DA3-4624-B0E0-E74D91065374}.Debug|Any CPU.Build.0 = Debug|Any CPU
		{B405FADE-7DA3-4624-B0E0-E74D91065374}.Release|Any CPU.ActiveCfg = Release|Any CPU
		{B405FADE-7DA3-4624-B0E0-E74D91065374}.Release|Any CPU.Build.0 = Release|Any CPU
		{1E7B6C92-6C14-4D65-B722-1F49FD4ECA13}.Debug|Any CPU.ActiveCfg = Debug|Any CPU
		{1E7B6C92-6C14-4D65-B722-1F49FD4ECA13}.Debug|Any CPU.Build.0 = Debug|Any CPU
		{1E7B6C92-6C14-4D65-B722-1F49FD4ECA13}.Release|Any CPU.ActiveCfg = Release|Any CPU
		{1E7B6C92-6C14-4D65-B722-1F49FD4ECA13}.Release|Any CPU.Build.0 = Release|Any CPU
		{1E12D369-36BF-4694-847D-6D21A047912E}.Debug|Any CPU.ActiveCfg = Debug|Any CPU
		{1E12D369-36BF-4694-847D-6D21A047912E}.Debug|Any CPU.Build.0 = Debug|Any CPU
		{1E12D369-36BF-4694-847D-6D21A047912E}.Release|Any CPU.ActiveCfg = Release|Any CPU
		{1E12D369-36BF-4694-847D-6D21A047912E}.Release|Any CPU.Build.0 = Release|Any CPU
		{AF29D2A5-152F-42CC-85DA-E501868241F2}.Debug|Any CPU.ActiveCfg = Debug|Any CPU
		{AF29D2A5-152F-42CC-85DA-E501868241F2}.Debug|Any CPU.Build.0 = Debug|Any CPU
		{AF29D2A5-152F-42CC-85DA-E501868241F2}.Release|Any CPU.ActiveCfg = Release|Any CPU
		{AF29D2A5-152F-42CC-85DA-E501868241F2}.Release|Any CPU.Build.0 = Release|Any CPU
		{1FAD2A40-AD72-4E76-B108-B0FEADB35904}.Debug|Any CPU.ActiveCfg = Debug|Any CPU
		{1FAD2A40-AD72-4E76-B108-B0FEADB35904}.Debug|Any CPU.Build.0 = Debug|Any CPU
		{1FAD2A40-AD72-4E76-B108-B0FEADB35904}.Release|Any CPU.ActiveCfg = Release|Any CPU
		{1FAD2A40-AD72-4E76-B108-B0FEADB35904}.Release|Any CPU.Build.0 = Release|Any CPU
	EndGlobalSection
	GlobalSection(SolutionProperties) = preSolution
		HideSolutionNode = FALSE
	EndGlobalSection
	GlobalSection(ExtensibilityGlobals) = postSolution
		SolutionGuid = {B55FAE4C-C0F2-43F7-83AC-94F1C94F0E05}
	EndGlobalSection
EndGlobal
